
Microsoft Visual Studio Solution File, Format Version 12.00
# Visual Studio 14
VisualStudioVersion = 14.0.25123.0
MinimumVisualStudioVersion = 10.0.40219.1
Project("{FAE04EC0-301F-11D3-BF4B-00C04F79EFBC}") = "PS4Macro", "PS4Macro\PS4Macro.csproj", "{2AF33C2D-3BCD-467C-BC81-08025C164799}"
EndProject
Project("{FAE04EC0-301F-11D3-BF4B-00C04F79EFBC}") = "PS4MacroAPI", "PS4MacroAPI\PS4MacroAPI.csproj", "{63B26590-8DD4-4534-8E5E-C72750F29934}"
EndProject
Global
	GlobalSection(SolutionConfigurationPlatforms) = preSolution
		Debug|Any CPU = Debug|Any CPU
		Release|Any CPU = Release|Any CPU
	EndGlobalSection
	GlobalSection(ProjectConfigurationPlatforms) = postSolution
		{2AF33C2D-3BCD-467C-BC81-08025C164799}.Debug|Any CPU.ActiveCfg = Debug|Any CPU
		{2AF33C2D-3BCD-467C-BC81-08025C164799}.Debug|Any CPU.Build.0 = Debug|Any CPU
		{2AF33C2D-3BCD-467C-BC81-08025C164799}.Release|Any CPU.ActiveCfg = Release|Any CPU
		{2AF33C2D-3BCD-467C-BC81-08025C164799}.Release|Any CPU.Build.0 = Release|Any CPU
		{63B26590-8DD4-4534-8E5E-C72750F29934}.Debug|Any CPU.ActiveCfg = Debug|Any CPU
		{63B26590-8DD4-4534-8E5E-C72750F29934}.Debug|Any CPU.Build.0 = Debug|Any CPU
		{63B26590-8DD4-4534-8E5E-C72750F29934}.Release|Any CPU.ActiveCfg = Release|Any CPU
		{63B26590-8DD4-4534-8E5E-C72750F29934}.Release|Any CPU.Build.0 = Release|Any CPU
	EndGlobalSection
	GlobalSection(SolutionProperties) = preSolution
		HideSolutionNode = FALSE
	EndGlobalSection
EndGlobal
